
Microsoft Visual Studio Solution File, Format Version 12.00
# Visual Studio Version 17
VisualStudioVersion = 17.9.34728.123
MinimumVisualStudioVersion = 10.0.40219.1
Project("{FAE04EC0-301F-11D3-BF4B-00C04F79EFBC}") = "BLUFF CITY", "BLUFF CITY\BLUFF CITY.csproj", "{0D76D608-1B98-4AF4-8575-497D91A3448B}"
EndProject
Global
	GlobalSection(SolutionConfigurationPlatforms) = preSolution
		Debug|Any CPU = Debug|Any CPU
		Release|Any CPU = Release|Any CPU
	EndGlobalSection
	GlobalSection(ProjectConfigurationPlatforms) = postSolution
		{0D76D608-1B98-4AF4-8575-497D91A3448B}.Debug|Any CPU.ActiveCfg = Debug|Any CPU
		{0D76D608-1B98-4AF4-8575-497D91A3448B}.Debug|Any CPU.Build.0 = Debug|Any CPU
		{0D76D608-1B98-4AF4-8575-497D91A3448B}.Release|Any CPU.ActiveCfg = Release|Any CPU
		{0D76D608-1B98-4AF4-8575-497D91A3448B}.Release|Any CPU.Build.0 = Release|Any CPU
	EndGlobalSection
	GlobalSection(SolutionProperties) = preSolution
		HideSolutionNode = FALSE
	EndGlobalSection
	GlobalSection(ExtensibilityGlobals) = postSolution
		SolutionGuid = {456CDB57-91C5-46DD-B585-EB3D2BD56345}
	EndGlobalSection
EndGlobal
